
Microsoft Visual Studio Solution File, Format Version 12.00
# Visual Studio 2013
VisualStudioVersion = 12.0.21126.0
MinimumVisualStudioVersion = 10.0.40219.1
Project("{00D1A9C2-B5F0-4AF3-8072-F6C62B433612}") = "gcafe", "gcafe\gcafe.sqlproj", "{5FA43C75-290C-4612-9B55-E9BBBB938950}"
EndProject
Project("{FAE04EC0-301F-11D3-BF4B-00C04F79EFBC}") = "gcafeWeb", "gcafeWeb\gcafeWeb.csproj", "{5137AFC1-B508-41CD-8053-59766C9F56B7}"
EndProject
Project("{FAE04EC0-301F-11D3-BF4B-00C04F79EFBC}") = "gcafeApp", "gcafeApp\gcafeApp.csproj", "{A712BF43-F580-4935-B3BA-2D1FD204CC01}"
EndProject
Project("{FAE04EC0-301F-11D3-BF4B-00C04F79EFBC}") = "MenuPrint", "MenuPrint\MenuPrint.csproj", "{BEA3D041-77D7-45C4-84A7-EE63B1AEA154}"
EndProject
Project("{FAE04EC0-301F-11D3-BF4B-00C04F79EFBC}") = "VisualPrint", "VisualPrint\VisualPrint.csproj", "{D239EFD3-2871-47FA-BE04-F13209FF2225}"
EndProject
Project("{FAE04EC0-301F-11D3-BF4B-00C04F79EFBC}") = "gcafePrnConsole", "gcafePrnConsole\gcafePrnConsole.csproj", "{A8CD8B23-79FF-4313-80DD-CAD64BF20C0F}"
EndProject
Project("{FAE04EC0-301F-11D3-BF4B-00C04F79EFBC}") = "gcafeWeb40", "gcafeWeb40\gcafeWeb40.csproj", "{BA8C3671-E98B-4D5D-A17C-8508333A7DD7}"
EndProject
Project("{FAE04EC0-301F-11D3-BF4B-00C04F79EFBC}") = "Foxpro2Db", "Foxpro2Db\Foxpro2Db.csproj", "{CCE0A52D-BA9A-4B56-8EB4-EDECD9B14BA0}"
EndProject
Global
	GlobalSection(SolutionConfigurationPlatforms) = preSolution
		Debug|Any CPU = Debug|Any CPU
		Debug|ARM = Debug|ARM
		Debug|x64 = Debug|x64
		Debug|x86 = Debug|x86
		Release|Any CPU = Release|Any CPU
		Release|ARM = Release|ARM
		Release|x64 = Release|x64
		Release|x86 = Release|x86
	EndGlobalSection
	GlobalSection(ProjectConfigurationPlatforms) = postSolution
		{5FA43C75-290C-4612-9B55-E9BBBB938950}.Debug|Any CPU.ActiveCfg = Debug|Any CPU
		{5FA43C75-290C-4612-9B55-E9BBBB938950}.Debug|Any CPU.Build.0 = Debug|Any CPU
		{5FA43C75-290C-4612-9B55-E9BBBB938950}.Debug|Any CPU.Deploy.0 = Debug|Any CPU
		{5FA43C75-290C-4612-9B55-E9BBBB938950}.Debug|ARM.ActiveCfg = Debug|Any CPU
		{5FA43C75-290C-4612-9B55-E9BBBB938950}.Debug|x64.ActiveCfg = Debug|Any CPU
		{5FA43C75-290C-4612-9B55-E9BBBB938950}.Debug|x86.ActiveCfg = Debug|Any CPU
		{5FA43C75-290C-4612-9B55-E9BBBB938950}.Release|Any CPU.ActiveCfg = Release|Any CPU
		{5FA43C75-290C-4612-9B55-E9BBBB938950}.Release|Any CPU.Build.0 = Release|Any CPU
		{5FA43C75-290C-4612-9B55-E9BBBB938950}.Release|Any CPU.Deploy.0 = Release|Any CPU
		{5FA43C75-290C-4612-9B55-E9BBBB938950}.Release|ARM.ActiveCfg = Release|Any CPU
		{5FA43C75-290C-4612-9B55-E9BBBB938950}.Release|x64.ActiveCfg = Release|Any CPU
		{5FA43C75-290C-4612-9B55-E9BBBB938950}.Release|x86.ActiveCfg = Release|Any CPU
		{5137AFC1-B508-41CD-8053-59766C9F56B7}.Debug|Any CPU.ActiveCfg = Debug|Any CPU
		{5137AFC1-B508-41CD-8053-59766C9F56B7}.Debug|Any CPU.Build.0 = Debug|Any CPU
		{5137AFC1-B508-41CD-8053-59766C9F56B7}.Debug|ARM.ActiveCfg = Debug|Any CPU
		{5137AFC1-B508-41CD-8053-59766C9F56B7}.Debug|x64.ActiveCfg = Debug|Any CPU
		{5137AFC1-B508-41CD-8053-59766C9F56B7}.Debug|x86.ActiveCfg = Debug|Any CPU
		{5137AFC1-B508-41CD-8053-59766C9F56B7}.Release|Any CPU.ActiveCfg = Release|Any CPU
		{5137AFC1-B508-41CD-8053-59766C9F56B7}.Release|Any CPU.Build.0 = Release|Any CPU
		{5137AFC1-B508-41CD-8053-59766C9F56B7}.Release|ARM.ActiveCfg = Release|Any CPU
		{5137AFC1-B508-41CD-8053-59766C9F56B7}.Release|x64.ActiveCfg = Release|Any CPU
		{5137AFC1-B508-41CD-8053-59766C9F56B7}.Release|x86.ActiveCfg = Release|Any CPU
		{A712BF43-F580-4935-B3BA-2D1FD204CC01}.Debug|Any CPU.ActiveCfg = Debug|Any CPU
		{A712BF43-F580-4935-B3BA-2D1FD204CC01}.Debug|Any CPU.Build.0 = Debug|Any CPU
		{A712BF43-F580-4935-B3BA-2D1FD204CC01}.Debug|Any CPU.Deploy.0 = Debug|Any CPU
		{A712BF43-F580-4935-B3BA-2D1FD204CC01}.Debug|ARM.ActiveCfg = Debug|ARM
		{A712BF43-F580-4935-B3BA-2D1FD204CC01}.Debug|ARM.Build.0 = Debug|ARM
		{A712BF43-F580-4935-B3BA-2D1FD204CC01}.Debug|ARM.Deploy.0 = Debug|ARM
		{A712BF43-F580-4935-B3BA-2D1FD204CC01}.Debug|x64.ActiveCfg = Debug|Any CPU
		{A712BF43-F580-4935-B3BA-2D1FD204CC01}.Debug|x86.ActiveCfg = Debug|x86
		{A712BF43-F580-4935-B3BA-2D1FD204CC01}.Debug|x86.Build.0 = Debug|x86
		{A712BF43-F580-4935-B3BA-2D1FD204CC01}.Debug|x86.Deploy.0 = Debug|x86
		{A712BF43-F580-4935-B3BA-2D1FD204CC01}.Release|Any CPU.ActiveCfg = Release|Any CPU
		{A712BF43-F580-4935-B3BA-2D1FD204CC01}.Release|Any CPU.Build.0 = Release|Any CPU
		{A712BF43-F580-4935-B3BA-2D1FD204CC01}.Release|Any CPU.Deploy.0 = Release|Any CPU
		{A712BF43-F580-4935-B3BA-2D1FD204CC01}.Release|ARM.ActiveCfg = Release|ARM
		{A712BF43-F580-4935-B3BA-2D1FD204CC01}.Release|ARM.Build.0 = Release|ARM
		{A712BF43-F580-4935-B3BA-2D1FD204CC01}.Release|ARM.Deploy.0 = Release|ARM
		{A712BF43-F580-4935-B3BA-2D1FD204CC01}.Release|x64.ActiveCfg = Release|Any CPU
		{A712BF43-F580-4935-B3BA-2D1FD204CC01}.Release|x86.ActiveCfg = Release|x86
		{A712BF43-F580-4935-B3BA-2D1FD204CC01}.Release|x86.Build.0 = Release|x86
		{A712BF43-F580-4935-B3BA-2D1FD204CC01}.Release|x86.Deploy.0 = Release|x86
		{BEA3D041-77D7-45C4-84A7-EE63B1AEA154}.Debug|Any CPU.ActiveCfg = Debug|Any CPU
		{BEA3D041-77D7-45C4-84A7-EE63B1AEA154}.Debug|Any CPU.Build.0 = Debug|Any CPU
		{BEA3D041-77D7-45C4-84A7-EE63B1AEA154}.Debug|ARM.ActiveCfg = Debug|Any CPU
		{BEA3D041-77D7-45C4-84A7-EE63B1AEA154}.Debug|x64.ActiveCfg = Debug|Any CPU
		{BEA3D041-77D7-45C4-84A7-EE63B1AEA154}.Debug|x86.ActiveCfg = Debug|Any CPU
		{BEA3D041-77D7-45C4-84A7-EE63B1AEA154}.Release|Any CPU.ActiveCfg = Release|Any CPU
		{BEA3D041-77D7-45C4-84A7-EE63B1AEA154}.Release|Any CPU.Build.0 = Release|Any CPU
		{BEA3D041-77D7-45C4-84A7-EE63B1AEA154}.Release|ARM.ActiveCfg = Release|Any CPU
		{BEA3D041-77D7-45C4-84A7-EE63B1AEA154}.Release|x64.ActiveCfg = Release|Any CPU
		{BEA3D041-77D7-45C4-84A7-EE63B1AEA154}.Release|x86.ActiveCfg = Release|Any CPU
		{D239EFD3-2871-47FA-BE04-F13209FF2225}.Debug|Any CPU.ActiveCfg = Debug|Any CPU
		{D239EFD3-2871-47FA-BE04-F13209FF2225}.Debug|Any CPU.Build.0 = Debug|Any CPU
		{D239EFD3-2871-47FA-BE04-F13209FF2225}.Debug|ARM.ActiveCfg = Debug|Any CPU
		{D239EFD3-2871-47FA-BE04-F13209FF2225}.Debug|x64.ActiveCfg = Debug|Any CPU
		{D239EFD3-2871-47FA-BE04-F13209FF2225}.Debug|x86.ActiveCfg = Debug|Any CPU
		{D239EFD3-2871-47FA-BE04-F13209FF2225}.Release|Any CPU.ActiveCfg = Release|Any CPU
		{D239EFD3-2871-47FA-BE04-F13209FF2225}.Release|Any CPU.Build.0 = Release|Any CPU
		{D239EFD3-2871-47FA-BE04-F13209FF2225}.Release|ARM.ActiveCfg = Release|Any CPU
		{D239EFD3-2871-47FA-BE04-F13209FF2225}.Release|x64.ActiveCfg = Release|Any CPU
		{D239EFD3-2871-47FA-BE04-F13209FF2225}.Release|x86.ActiveCfg = Release|Any CPU
		{A8CD8B23-79FF-4313-80DD-CAD64BF20C0F}.Debug|Any CPU.ActiveCfg = Debug|Any CPU
		{A8CD8B23-79FF-4313-80DD-CAD64BF20C0F}.Debug|Any CPU.Build.0 = Debug|Any CPU
		{A8CD8B23-79FF-4313-80DD-CAD64BF20C0F}.Debug|ARM.ActiveCfg = Debug|Any CPU
		{A8CD8B23-79FF-4313-80DD-CAD64BF20C0F}.Debug|x64.ActiveCfg = Debug|Any CPU
		{A8CD8B23-79FF-4313-80DD-CAD64BF20C0F}.Debug|x86.ActiveCfg = Debug|Any CPU
		{A8CD8B23-79FF-4313-80DD-CAD64BF20C0F}.Release|Any CPU.ActiveCfg = Release|Any CPU
		{A8CD8B23-79FF-4313-80DD-CAD64BF20C0F}.Release|Any CPU.Build.0 = Release|Any CPU
		{A8CD8B23-79FF-4313-80DD-CAD64BF20C0F}.Release|ARM.ActiveCfg = Release|Any CPU
		{A8CD8B23-79FF-4313-80DD-CAD64BF20C0F}.Release|x64.ActiveCfg = Release|Any CPU
		{A8CD8B23-79FF-4313-80DD-CAD64BF20C0F}.Release|x86.ActiveCfg = Release|Any CPU
		{BA8C3671-E98B-4D5D-A17C-8508333A7DD7}.Debug|Any CPU.ActiveCfg = Debug|Any CPU
		{BA8C3671-E98B-4D5D-A17C-8508333A7DD7}.Debug|Any CPU.Build.0 = Debug|Any CPU
		{BA8C3671-E98B-4D5D-A17C-8508333A7DD7}.Debug|ARM.ActiveCfg = Debug|Any CPU
		{BA8C3671-E98B-4D5D-A17C-8508333A7DD7}.Debug|x64.ActiveCfg = Debug|Any CPU
		{BA8C3671-E98B-4D5D-A17C-8508333A7DD7}.Debug|x86.ActiveCfg = Debug|Any CPU
		{BA8C3671-E98B-4D5D-A17C-8508333A7DD7}.Release|Any CPU.ActiveCfg = Release|Any CPU
		{BA8C3671-E98B-4D5D-A17C-8508333A7DD7}.Release|Any CPU.Build.0 = Release|Any CPU
		{BA8C3671-E98B-4D5D-A17C-8508333A7DD7}.Release|ARM.ActiveCfg = Release|Any CPU
		{BA8C3671-E98B-4D5D-A17C-8508333A7DD7}.Release|x64.ActiveCfg = Release|Any CPU
		{BA8C3671-E98B-4D5D-A17C-8508333A7DD7}.Release|x86.ActiveCfg = Release|Any CPU
		{CCE0A52D-BA9A-4B56-8EB4-EDECD9B14BA0}.Debug|Any CPU.ActiveCfg = Debug|Any CPU
		{CCE0A52D-BA9A-4B56-8EB4-EDECD9B14BA0}.Debug|Any CPU.Build.0 = Debug|Any CPU
		{CCE0A52D-BA9A-4B56-8EB4-EDECD9B14BA0}.Debug|ARM.ActiveCfg = Debug|Any CPU
		{CCE0A52D-BA9A-4B56-8EB4-EDECD9B14BA0}.Debug|x64.ActiveCfg = Debug|Any CPU
		{CCE0A52D-BA9A-4B56-8EB4-EDECD9B14BA0}.Debug|x86.ActiveCfg = Debug|Any CPU
		{CCE0A52D-BA9A-4B56-8EB4-EDECD9B14BA0}.Release|Any CPU.ActiveCfg = Release|Any CPU
		{CCE0A52D-BA9A-4B56-8EB4-EDECD9B14BA0}.Release|Any CPU.Build.0 = Release|Any CPU
		{CCE0A52D-BA9A-4B56-8EB4-EDECD9B14BA0}.Release|ARM.ActiveCfg = Release|Any CPU
		{CCE0A52D-BA9A-4B56-8EB4-EDECD9B14BA0}.Release|x64.ActiveCfg = Release|Any CPU
		{CCE0A52D-BA9A-4B56-8EB4-EDECD9B14BA0}.Release|x86.ActiveCfg = Release|Any CPU
	EndGlobalSection
	GlobalSection(SolutionProperties) = preSolution
		HideSolutionNode = FALSE
	EndGlobalSection
EndGlobal
